
Microsoft Visual Studio Solution File, Format Version 12.00
# Visual Studio Version 16
VisualStudioVersion = 16.0.34301.259
MinimumVisualStudioVersion = 10.0.40219.1
Project("{FAE04EC0-301F-11D3-BF4B-00C04F79EFBC}") = "presentacion", "presentacion\presentacion.csproj", "{F273786B-9359-4DA5-B10C-F060E35ADAF4}"
EndProject
Project("{FAE04EC0-301F-11D3-BF4B-00C04F79EFBC}") = "dominio", "dominio\dominio.csproj", "{61492C54-98FA-472D-9EA4-110AA65E462C}"
EndProject
Project("{FAE04EC0-301F-11D3-BF4B-00C04F79EFBC}") = "negocio", "negocio\negocio.csproj", "{8BD02402-2365-436E-9C22-CD3BA91CC589}"
EndProject
Global
	GlobalSection(SolutionConfigurationPlatforms) = preSolution
		Debug|Any CPU = Debug|Any CPU
		Release|Any CPU = Release|Any CPU
	EndGlobalSection
	GlobalSection(ProjectConfigurationPlatforms) = postSolution
		{F273786B-9359-4DA5-B10C-F060E35ADAF4}.Debug|Any CPU.ActiveCfg = Debug|Any CPU
		{F273786B-9359-4DA5-B10C-F060E35ADAF4}.Debug|Any CPU.Build.0 = Debug|Any CPU
		{F273786B-9359-4DA5-B10C-F060E35ADAF4}.Release|Any CPU.ActiveCfg = Release|Any CPU
		{F273786B-9359-4DA5-B10C-F060E35ADAF4}.Release|Any CPU.Build.0 = Release|Any CPU
		{61492C54-98FA-472D-9EA4-110AA65E462C}.Debug|Any CPU.ActiveCfg = Debug|Any CPU
		{61492C54-98FA-472D-9EA4-110AA65E462C}.Debug|Any CPU.Build.0 = Debug|Any CPU
		{61492C54-98FA-472D-9EA4-110AA65E462C}.Release|Any CPU.ActiveCfg = Release|Any CPU
		{61492C54-98FA-472D-9EA4-110AA65E462C}.Release|Any CPU.Build.0 = Release|Any CPU
		{8BD02402-2365-436E-9C22-CD3BA91CC589}.Debug|Any CPU.ActiveCfg = Debug|Any CPU
		{8BD02402-2365-436E-9C22-CD3BA91CC589}.Debug|Any CPU.Build.0 = Debug|Any CPU
		{8BD02402-2365-436E-9C22-CD3BA91CC589}.Release|Any CPU.ActiveCfg = Release|Any CPU
		{8BD02402-2365-436E-9C22-CD3BA91CC589}.Release|Any CPU.Build.0 = Release|Any CPU
	EndGlobalSection
	GlobalSection(SolutionProperties) = preSolution
		HideSolutionNode = FALSE
	EndGlobalSection
	GlobalSection(ExtensibilityGlobals) = postSolution
		SolutionGuid = {52144669-BEC4-420E-90A3-208B5F3445B3}
	EndGlobalSection
EndGlobal
